{
  "name": "vul-app",
  "version": "1.0.0",
  "lockfileVersion": 2,
  "requires": true,
  "packages": {
    "": {
      "name": "vul-app",
      "version": "1.0.0",
      "license": "MIT",
      "dependencies": {
        "express": "4.4.0"
      }
    },
    "node_modules/accepts": {
      "version": "1.0.2",
      "resolved": "https://registry.npmjs.org/accepts/-/accepts-1.0.2.tgz",
      "integrity": "sha512-Xh6Ep4MHKfHswT/oJFBjT0mOQJwncjYV1FoRa10IsdqYWqwqKoevgMHI4wHgqbGd9Wt4VXdDoFOyW6X8wXKKug==",
      "dependencies": {
        "mime": "~1.2.11",
        "negotiator": "0.4.5"
      },
      "engines": {
        "node": ">= 0.8.0"
      }
    },
    "node_modules/buffer-crc32": {
      "version": "0.2.1",
      "resolved": "https://registry.npmjs.org/buffer-crc32/-/buffer-crc32-0.2.1.tgz",
      "integrity": "sha512-vMfBIRp/wjlpueSz7Sb0OmO7C5SH58SSmbsT8G4D48YfO/Zgbr29xNXMpZVSC14ujVJfrZZH1Bl+kXYRQPuvfQ==",
      "engines": {
        "node": "*"
      }
    },
    "node_modules/cookie": {
      "version": "0.1.2",
      "resolved": "https://registry.npmjs.org/cookie/-/cookie-0.1.2.tgz",
      "integrity": "sha512-+mHmWbhevLwkiBf7QcbZXHr0v4ZQQ/OgHk3fsQHrsMMiGzuvAmU/YMUR+ZfrO/BLAGIWFfx2Z7Oyso0tZR/wiA==",
      "engines": {
        "node": "*"
      }
    },
    "node_modules/cookie-signature": {
      "version": "1.0.3",
      "resolved": "https://registry.npmjs.org/cookie-signature/-/cookie-signature-1.0.3.tgz",
      "integrity": "sha512-/KzKzsm0OlguYov01OlOpTkX5MhBKUmfL/KMum7R80rPKheb9AwUzr78TwtBt1OdbnWrt4X+wxbTfcQ3noZqHw=="
    },
    "node_modules/debug": {
      "version": "0.8.1",
      "resolved": "https://registry.npmjs.org/debug/-/debug-0.8.1.tgz",
      "integrity": "sha512-HlXEJm99YsRjLJ8xmuz0Lq8YUwrv7hAJkTEr6/Em3sUlSUNl0UdFA+1SrY4fnykeq1FVkUEUtwRGHs9VvlYbGA==",
      "engines": {
        "node": "*"
      }
    },
    "node_modules/escape-html": {
      "version": "1.0.1",
      "resolved": "https://registry.npmjs.org/escape-html/-/escape-html-1.0.1.tgz",
      "integrity": "sha512-z6kAnok8fqVTra7Yu77dZF2Y6ETJlxH58wN38wNyuNQLm8xXdKnfNrlSmfXsTePWP03rRVUKHubtUwanwUi7+g=="
    },
    "node_modules/express": {
      "version": "4.4.0",
      "resolved": "https://registry.npmjs.org/express/-/express-4.4.0.tgz",
      "integrity": "sha512-AWXugCEffboOgG2PgEea906dK6J82fG+m1HjmMwUd0158KIIehImDhGSM3uBlGh6FgAV04Hu32LlVfeGCjSsug==",
      "dependencies": {
        "accepts": "1.0.2",
        "buffer-crc32": "0.2.1",
        "cookie": "0.1.2",
        "cookie-signature": "1.0.3",
        "debug": "0.8.1",
        "escape-html": "1.0.1",
        "fresh": "0.2.2",
        "merge-descriptors": "0.0.2",
        "methods": "1.0.0",
        "parseurl": "1.0.1",
        "path-to-regexp": "0.1.2",
        "proxy-addr": "1.0.0",
        "qs": "0.6.6",
        "range-parser": "1.0.0",
        "send": "0.4.0",
        "serve-static": "1.2.0",
        "type-is": "1.2.0",
        "utils-merge": "1.0.0"
      },
      "engines": {
        "node": ">= 0.10.0"
      }
    },
    "node_modules/finished": {
      "version": "1.1.4",
      "resolved": "https://registry.npmjs.org/finished/-/finished-1.1.4.tgz",
      "integrity": "sha512-4hiY+PUmUih4VORyucRz/9QgDhvHbhRUqKqgYY/Ht+fOyX8Epb5eDTKi5I0VCNrYVrecN7tj00HoNBAWoZ1tPw=="
    },
    "node_modules/fresh": {
      "version": "0.2.2",
      "resolved": "https://registry.npmjs.org/fresh/-/fresh-0.2.2.tgz",
      "integrity": "sha512-ZGGi8GROK//ijm2gB33sUuN9TjN1tC/dvG4Bt4j6IWrVGpMmudUBCxx+Ir7qePsdREfkpQC4FL8W0jeSOsgv1w=="
    },
    "node_modules/ipaddr.js": {
      "version": "0.1.2",
      "resolved": "https://registry.npmjs.org/ipaddr.js/-/ipaddr.js-0.1.2.tgz",
      "integrity": "sha512-MGrEjHz4Hk5UVpJXZQ2tHB+bp6xgdRKCAEWdrgFsoAmXCgKAPtj8LqMxgvlWEAj9aN+PpTcvE051uZU3K3kLSQ==",
      "engines": {
        "node": ">= 0.2.5"
      }
    },
    "node_modules/merge-descriptors": {
      "version": "0.0.2",
      "resolved": "https://registry.npmjs.org/merge-descriptors/-/merge-descriptors-0.0.2.tgz",
      "integrity": "sha512-dYBT4Ep+t/qnPeJcnMymmhTdd4g8/hn48ciaDqLAkfRf8abzLPS6Rb6EBdz5CZCL8tzZuI5ps9MhGQGxk+EuKg=="
    },
    "node_modules/methods": {
      "version": "1.0.0",
      "resolved": "https://registry.npmjs.org/methods/-/methods-1.0.0.tgz",
      "integrity": "sha512-rr3+O8WLgLeqV0mAowDraG0fOaWNwZmZjm4B0d8lSyyqS5di8E7dm/Ec/a1FVkHPMyRqN2PQNSNEk9cd7zXePg=="
    },
    "node_modules/mime": {
      "version": "1.2.11",
      "resolved": "https://registry.npmjs.org/mime/-/mime-1.2.11.tgz",
      "integrity": "sha512-Ysa2F/nqTNGHhhm9MV8ure4+Hc+Y8AWiqUdHxsO7xu8zc92ND9f3kpALHjaP026Ft17UfxrMt95c50PLUeynBw=="
    },
    "node_modules/negotiator": {
      "version": "0.4.5",
      "resolved": "https://registry.npmjs.org/negotiator/-/negotiator-0.4.5.tgz",
      "integrity": "sha512-yk2Y8USphD7Z1/hiP/96RhpwOW37gMDrhHoo9mAHnVhfJqnlu5vUvNX/7FyJwj6kV6MxfLFnhNZGl0XKgL6zNA==",
      "engines": {
        "node": "*"
      }
    },
    "node_modules/parseurl": {
      "version": "1.0.1",
      "resolved": "https://registry.npmjs.org/parseurl/-/parseurl-1.0.1.tgz",
      "integrity": "sha512-6W9+0+9Ihayqwjgp4OaLLqZ3KDtqPY2PtUPz8YNiy4PamjJv+7x6J9GO93O9rUZOLgaanTPxsKTasxqKkO1iSw=="
    },
    "node_modules/path-to-regexp": {
      "version": "0.1.2",
      "resolved": "https://registry.npmjs.org/path-to-regexp/-/path-to-regexp-0.1.2.tgz",
      "integrity": "sha512-BZU7Qr+qKkXJX9UBypMNikdZ85cQSjtfMhUykJFLJn4SNF0jhEbb9nMRpnNdA76ESryY8JpMA4k6XKdz3JS1pw=="
    },
    "node_modules/proxy-addr": {
      "version": "1.0.0",
      "resolved": "https://registry.npmjs.org/proxy-addr/-/proxy-addr-1.0.0.tgz",
      "integrity": "sha512-3DpYuuyvGtMQnKGZndrSCLGOEOg7lpNbVmI+Wtpn/3WKjaCFN3M+wRNiMnTGQD2rtTuBd8qXHmdoEjU6PLl68A==",
      "dependencies": {
        "ipaddr.js": "0.1.2"
      },
      "engines": {
        "node": ">= 0.8.0"
      }
    },
    "node_modules/qs": {
      "version": "0.6.6",
      "resolved": "https://registry.npmjs.org/qs/-/qs-0.6.6.tgz",
      "integrity": "sha512-kN+yNdAf29Jgp+AYHUmC7X4QdJPR8czuMWLNLc0aRxkQ7tB3vJQEONKKT9ou/rW7EbqVec11srC9q9BiVbcnHA==",
      "engines": {
        "node": "*"
      }
    },
    "node_modules/range-parser": {
      "version": "1.0.0",
      "resolved": "https://registry.npmjs.org/range-parser/-/range-parser-1.0.0.tgz",
      "integrity": "sha512-wOH5LIH2ZHo0P7/bwkR+aNbJ+kv3CHVX4B8qs9GqbtY29fi1bGPV5xczrutN20G+Z4XhRqRMTW3q0S4iyJJPfw=="
    },
    "node_modules/send": {
      "version": "0.4.0",
      "resolved": "https://registry.npmjs.org/send/-/send-0.4.0.tgz",
      "integrity": "sha512-RHuhIpGQPbgA2BMLhx4U1wbcrp+UyR36q2OTo3/VxcmeKp7Hsf+1F1Z1ddGtuqXlGWFdYKJpgiiWGd5TryfBsw==",
      "dependencies": {
        "debug": "0.8.1",
        "finished": "1.1.4",
        "fresh": "~0.2.1",
        "mime": "1.2.11",
        "range-parser": "~1.0.0"
      },
      "engines": {
        "node": ">= 0.8.0"
      }
    },
    "node_modules/serve-static": {
      "version": "1.2.0",
      "resolved": "https://registry.npmjs.org/serve-static/-/serve-static-1.2.0.tgz",
      "integrity": "sha512-C7sge0nUxEukR6en8ADwydHwDYt/yqesodzlE2rz/+9srd/icjT1yeLQZI4A59ygbrWNB1dhLgwfMbUbpB0zEQ==",
      "dependencies": {
        "parseurl": "1.0.1",
        "send": "0.4.0"
      },
      "engines": {
        "node": ">= 0.8.0"
      }
    },
    "node_modules/type-is": {
      "version": "1.2.0",
      "resolved": "https://registry.npmjs.org/type-is/-/type-is-1.2.0.tgz",
      "integrity": "sha512-xYm8r1IQeUEVnAL5eaHJ2CYAZy8YJVJ4TDUH13hxJ3bsL9maDnQc9wXhkyqUrY7VfAl/galhFDmynNqE8HnWEg==",
      "dependencies": {
        "mime": "1.2.11"
      },
      "engines": {
        "node": ">= 0.8"
      }
    },
    "node_modules/utils-merge": {
      "version": "1.0.0",
      "resolved": "https://registry.npmjs.org/utils-merge/-/utils-merge-1.0.0.tgz",
      "integrity": "sha512-HwU9SLQEtyo+0uoKXd1nkLqigUWLB+QuNQR4OcmB73eWqksM5ovuqcycks2x043W8XVb75rG1HQ0h93TMXkzQQ==",
      "engines": {
        "node": ">= 0.4.0"
      }
    }
  },
  "dependencies": {
    "accepts": {
      "version": "1.0.2",
      "resolved": "https://registry.npmjs.org/accepts/-/accepts-1.0.2.tgz",
      "integrity": "sha512-Xh6Ep4MHKfHswT/oJFBjT0mOQJwncjYV1FoRa10IsdqYWqwqKoevgMHI4wHgqbGd9Wt4VXdDoFOyW6X8wXKKug==",
      "requires": {
        "mime": "~1.2.11",
        "negotiator": "0.4.5"
      }
    },
    "buffer-crc32": {
      "version": "0.2.1",
      "resolved": "https://registry.npmjs.org/buffer-crc32/-/buffer-crc32-0.2.1.tgz",
      "integrity": "sha512-vMfBIRp/wjlpueSz7Sb0OmO7C5SH58SSmbsT8G4D48YfO/Zgbr29xNXMpZVSC14ujVJfrZZH1Bl+kXYRQPuvfQ=="
    },
    "cookie": {
      "version": "0.1.2",
      "resolved": "https://registry.npmjs.org/cookie/-/cookie-0.1.2.tgz",
      "integrity": "sha512-+mHmWbhevLwkiBf7QcbZXHr0v4ZQQ/OgHk3fsQHrsMMiGzuvAmU/YMUR+ZfrO/BLAGIWFfx2Z7Oyso0tZR/wiA=="
    },
    "cookie-signature": {
      "version": "1.0.3",
      "resolved": "https://registry.npmjs.org/cookie-signature/-/cookie-signature-1.0.3.tgz",
      "integrity": "sha512-/KzKzsm0OlguYov01OlOpTkX5MhBKUmfL/KMum7R80rPKheb9AwUzr78TwtBt1OdbnWrt4X+wxbTfcQ3noZqHw=="
    },
    "debug": {
      "version": "0.8.1",
      "resolved": "https://registry.npmjs.org/debug/-/debug-0.8.1.tgz",
      "integrity": "sha512-HlXEJm99YsRjLJ8xmuz0Lq8YUwrv7hAJkTEr6/Em3sUlSUNl0UdFA+1SrY4fnykeq1FVkUEUtwRGHs9VvlYbGA=="
    },
    "escape-html": {
      "version": "1.0.1",
      "resolved": "https://registry.npmjs.org/escape-html/-/escape-html-1.0.1.tgz",
      "integrity": "sha512-z6kAnok8fqVTra7Yu77dZF2Y6ETJlxH58wN38wNyuNQLm8xXdKnfNrlSmfXsTePWP03rRVUKHubtUwanwUi7+g=="
    },
    "express": {
      "version": "4.4.0",
      "resolved": "https://registry.npmjs.org/express/-/express-4.4.0.tgz",
      "integrity": "sha512-AWXugCEffboOgG2PgEea906dK6J82fG+m1HjmMwUd0158KIIehImDhGSM3uBlGh6FgAV04Hu32LlVfeGCjSsug==",
      "requires": {
        "accepts": "1.0.2",
        "buffer-crc32": "0.2.1",
        "cookie": "0.1.2",
        "cookie-signature": "1.0.3",
        "debug": "0.8.1",
        "escape-html": "1.0.1",
        "fresh": "0.2.2",
        "merge-descriptors": "0.0.2",
        "methods": "1.0.0",
        "parseurl": "1.0.1",
        "path-to-regexp": "0.1.2",
        "proxy-addr": "1.0.0",
        "qs": "0.6.6",
        "range-parser": "1.0.0",
        "send": "0.4.0",
        "serve-static": "1.2.0",
        "type-is": "1.2.0",
        "utils-merge": "1.0.0"
      }
    },
    "finished": {
      "version": "1.1.4",
      "resolved": "https://registry.npmjs.org/finished/-/finished-1.1.4.tgz",
      "integrity": "sha512-4hiY+PUmUih4VORyucRz/9QgDhvHbhRUqKqgYY/Ht+fOyX8Epb5eDTKi5I0VCNrYVrecN7tj00HoNBAWoZ1tPw=="
    },
    "fresh": {
      "version": "0.2.2",
      "resolved": "https://registry.npmjs.org/fresh/-/fresh-0.2.2.tgz",
      "integrity": "sha512-ZGGi8GROK//ijm2gB33sUuN9TjN1tC/dvG4Bt4j6IWrVGpMmudUBCxx+Ir7qePsdREfkpQC4FL8W0jeSOsgv1w=="
    },
    "ipaddr.js": {
      "version": "0.1.2",
      "resolved": "https://registry.npmjs.org/ipaddr.js/-/ipaddr.js-0.1.2.tgz",
      "integrity": "sha512-MGrEjHz4Hk5UVpJXZQ2tHB+bp6xgdRKCAEWdrgFsoAmXCgKAPtj8LqMxgvlWEAj9aN+PpTcvE051uZU3K3kLSQ=="
    },
    "merge-descriptors": {
      "version": "0.0.2",
      "resolved": "https://registry.npmjs.org/merge-descriptors/-/merge-descriptors-0.0.2.tgz",
      "integrity": "sha512-dYBT4Ep+t/qnPeJcnMymmhTdd4g8/hn48ciaDqLAkfRf8abzLPS6Rb6EBdz5CZCL8tzZuI5ps9MhGQGxk+EuKg=="
    },
    "methods": {
      "version": "1.0.0",
      "resolved": "https://registry.npmjs.org/methods/-/methods-1.0.0.tgz",
      "integrity": "sha512-rr3+O8WLgLeqV0mAowDraG0fOaWNwZmZjm4B0d8lSyyqS5di8E7dm/Ec/a1FVkHPMyRqN2PQNSNEk9cd7zXePg=="
    },
    "mime": {
      "version": "1.2.11",
      "resolved": "https://registry.npmjs.org/mime/-/mime-1.2.11.tgz",
      "integrity": "sha512-Ysa2F/nqTNGHhhm9MV8ure4+Hc+Y8AWiqUdHxsO7xu8zc92ND9f3kpALHjaP026Ft17UfxrMt95c50PLUeynBw=="
    },
    "negotiator": {
      "version": "0.4.5",
      "resolved": "https://registry.npmjs.org/negotiator/-/negotiator-0.4.5.tgz",
      "integrity": "sha512-yk2Y8USphD7Z1/hiP/96RhpwOW37gMDrhHoo9mAHnVhfJqnlu5vUvNX/7FyJwj6kV6MxfLFnhNZGl0XKgL6zNA=="
    },
    "parseurl": {
      "version": "1.0.1",
      "resolved": "https://registry.npmjs.org/parseurl/-/parseurl-1.0.1.tgz",
      "integrity": "sha512-6W9+0+9Ihayqwjgp4OaLLqZ3KDtqPY2PtUPz8YNiy4PamjJv+7x6J9GO93O9rUZOLgaanTPxsKTasxqKkO1iSw=="
    },
    "path-to-regexp": {
      "version": "0.1.2",
      "resolved": "https://registry.npmjs.org/path-to-regexp/-/path-to-regexp-0.1.2.tgz",
      "integrity": "sha512-BZU7Qr+qKkXJX9UBypMNikdZ85cQSjtfMhUykJFLJn4SNF0jhEbb9nMRpnNdA76ESryY8JpMA4k6XKdz3JS1pw=="
    },
    "proxy-addr": {
      "version": "1.0.0",
      "resolved": "https://registry.npmjs.org/proxy-addr/-/proxy-addr-1.0.0.tgz",
      "integrity": "sha512-3DpYuuyvGtMQnKGZndrSCLGOEOg7lpNbVmI+Wtpn/3WKjaCFN3M+wRNiMnTGQD2rtTuBd8qXHmdoEjU6PLl68A==",
      "requires": {
        "ipaddr.js": "0.1.2"
      }
    },
    "qs": {
      "version": "0.6.6",
      "resolved": "https://registry.npmjs.org/qs/-/qs-0.6.6.tgz",
      "integrity": "sha512-kN+yNdAf29Jgp+AYHUmC7X4QdJPR8czuMWLNLc0aRxkQ7tB3vJQEONKKT9ou/rW7EbqVec11srC9q9BiVbcnHA=="
    },
    "range-parser": {
      "version": "1.0.0",
      "resolved": "https://registry.npmjs.org/range-parser/-/range-parser-1.0.0.tgz",
      "integrity": "sha512-wOH5LIH2ZHo0P7/bwkR+aNbJ+kv3CHVX4B8qs9GqbtY29fi1bGPV5xczrutN20G+Z4XhRqRMTW3q0S4iyJJPfw=="
    },
    "send": {
      "version": "0.4.0",
      "resolved": "https://registry.npmjs.org/send/-/send-0.4.0.tgz",
      "integrity": "sha512-RHuhIpGQPbgA2BMLhx4U1wbcrp+UyR36q2OTo3/VxcmeKp7Hsf+1F1Z1ddGtuqXlGWFdYKJpgiiWGd5TryfBsw==",
      "requires": {
        "debug": "0.8.1",
        "finished": "1.1.4",
        "fresh": "~0.2.1",
        "mime": "1.2.11",
        "range-parser": "~1.0.0"
      }
    },
    "serve-static": {
      "version": "1.2.0",
      "resolved": "https://registry.npmjs.org/serve-static/-/serve-static-1.2.0.tgz",
      "integrity": "sha512-C7sge0nUxEukR6en8ADwydHwDYt/yqesodzlE2rz/+9srd/icjT1yeLQZI4A59ygbrWNB1dhLgwfMbUbpB0zEQ==",
      "requires": {
        "parseurl": "1.0.1",
        "send": "0.4.0"
      }
    },
    "type-is": {
      "version": "1.2.0",
      "resolved": "https://registry.npmjs.org/type-is/-/type-is-1.2.0.tgz",
      "integrity": "sha512-xYm8r1IQeUEVnAL5eaHJ2CYAZy8YJVJ4TDUH13hxJ3bsL9maDnQc9wXhkyqUrY7VfAl/galhFDmynNqE8HnWEg==",
      "requires": {
        "mime": "1.2.11"
      }
    },
    "utils-merge": {
      "version": "1.0.0",
      "resolved": "https://registry.npmjs.org/utils-merge/-/utils-merge-1.0.0.tgz",
      "integrity": "sha512-HwU9SLQEtyo+0uoKXd1nkLqigUWLB+QuNQR4OcmB73eWqksM5ovuqcycks2x043W8XVb75rG1HQ0h93TMXkzQQ=="
    }
  }
}
